// !$*UTF8*$!
{
	archiveVersion = 1;
	classes = {
	};
	objectVersion = 50;
	objects = {

/* Begin PBXBuildFile section */
		433ABDA1233D2C7D006626C3 /* AppDelegate.m in Sources */ = {isa = PBXBuildFile; fileRef = 433ABDA0233D2C7D006626C3 /* AppDelegate.m */; };
		433ABDA4233D2C7D006626C3 /* ViewController.m in Sources */ = {isa = PBXBuildFile; fileRef = 433ABDA3233D2C7D006626C3 /* ViewController.m */; };
		433ABDA7233D2C7D006626C3 /* Main.storyboard in Resources */ = {isa = PBXBuildFile; fileRef = 433ABDA5233D2C7D006626C3 /* Main.storyboard */; };
		433ABDA9233D2C7F006626C3 /* Assets.xcassets in Resources */ = {isa = PBXBuildFile; fileRef = 433ABDA8233D2C7F006626C3 /* Assets.xcassets */; };
		433ABDAC233D2C7F006626C3 /* LaunchScreen.storyboard in Resources */ = {isa = PBXBuildFile; fileRef = 433ABDAA233D2C7F006626C3 /* LaunchScreen.storyboard */; };
		433ABDAF233D2C7F006626C3 /* main.m in Sources */ = {isa = PBXBuildFile; fileRef = 433ABDAE233D2C7F006626C3 /* main.m */; };
		433ABDBA233D2CF3006626C3 /* Homework1.m in Sources */ = {isa = PBXBuildFile; fileRef = 433ABDB9233D2CF3006626C3 /* Homework1.m */; };
		43C9A48423400EEA0095555E /* Homework2.m in Sources */ = {isa = PBXBuildFile; fileRef = 43C9A48323400EEA0095555E /* Homework2.m */; };
		43C9A488234010B90095555E /* Guest.m in Sources */ = {isa = PBXBuildFile; fileRef = 43C9A487234010B90095555E /* Guest.m */; };
		43C9A48B234010E60095555E /* Waiter.m in Sources */ = {isa = PBXBuildFile; fileRef = 43C9A48A234010E60095555E /* Waiter.m */; };
		43C9A48E234010F90095555E /* Kitchen.m in Sources */ = {isa = PBXBuildFile; fileRef = 43C9A48D234010F90095555E /* Kitchen.m */; };
/* End PBXBuildFile section */

/* Begin PBXFileReference section */
		433ABD9C233D2C7D006626C3 /* hw.app */ = {isa = PBXFileReference; explicitFileType = wrapper.application; includeInIndex = 0; path = hw.app; sourceTree = BUILT_PRODUCTS_DIR; };
		433ABD9F233D2C7D006626C3 /* AppDelegate.h */ = {isa = PBXFileReference; lastKnownFileType = sourcecode.c.h; path = AppDelegate.h; sourceTree = "<group>"; };
		433ABDA0233D2C7D006626C3 /* AppDelegate.m */ = {isa = PBXFileReference; lastKnownFileType = sourcecode.c.objc; path = AppDelegate.m; sourceTree = "<group>"; };
		433ABDA2233D2C7D006626C3 /* ViewController.h */ = {isa = PBXFileReference; lastKnownFileType = sourcecode.c.h; path = ViewController.h; sourceTree = "<group>"; };
		433ABDA3233D2C7D006626C3 /* ViewController.m */ = {isa = PBXFileReference; lastKnownFileType = sourcecode.c.objc; path = ViewController.m; sourceTree = "<group>"; };
		433ABDA6233D2C7D006626C3 /* Base */ = {isa = PBXFileReference; lastKnownFileType = file.storyboard; name = Base; path = Base.lproj/Main.storyboard; sourceTree = "<group>"; };
		433ABDA8233D2C7F006626C3 /* Assets.xcassets */ = {isa = PBXFileReference; lastKnownFileType = folder.assetcatalog; path = Assets.xcassets; sourceTree = "<group>"; };
		433ABDAB233D2C7F006626C3 /* Base */ = {isa = PBXFileReference; lastKnownFileType = file.storyboard; name = Base; path = Base.lproj/LaunchScreen.storyboard; sourceTree = "<group>"; };
		433ABDAD233D2C7F006626C3 /* Info.plist */ = {isa = PBXFileReference; lastKnownFileType = text.plist.xml; path = Info.plist; sourceTree = "<group>"; };
		433ABDAE233D2C7F006626C3 /* main.m */ = {isa = PBXFileReference; lastKnownFileType = sourcecode.c.objc; path = main.m; sourceTree = "<group>"; };
		433ABDB8233D2CF3006626C3 /* Homework1.h */ = {isa = PBXFileReference; lastKnownFileType = sourcecode.c.h; path = Homework1.h; sourceTree = "<group>"; };
		433ABDB9233D2CF3006626C3 /* Homework1.m */ = {isa = PBXFileReference; lastKnownFileType = sourcecode.c.objc; path = Homework1.m; sourceTree = "<group>"; };
		43C9A48223400EEA0095555E /* Homework2.h */ = {isa = PBXFileReference; lastKnownFileType = sourcecode.c.h; path = Homework2.h; sourceTree = "<group>"; };
		43C9A48323400EEA0095555E /* Homework2.m */ = {isa = PBXFileReference; lastKnownFileType = sourcecode.c.objc; path = Homework2.m; sourceTree = "<group>"; };
		43C9A486234010B90095555E /* Guest.h */ = {isa = PBXFileReference; lastKnownFileType = sourcecode.c.h; path = Guest.h; sourceTree = "<group>"; };
		43C9A487234010B90095555E /* Guest.m */ = {isa = PBXFileReference; lastKnownFileType = sourcecode.c.objc; path = Guest.m; sourceTree = "<group>"; };
		43C9A489234010E60095555E /* Waiter.h */ = {isa = PBXFileReference; lastKnownFileType = sourcecode.c.h; path = Waiter.h; sourceTree = "<group>"; };
		43C9A48A234010E60095555E /* Waiter.m */ = {isa = PBXFileReference; lastKnownFileType = sourcecode.c.objc; path = Waiter.m; sourceTree = "<group>"; };
		43C9A48C234010F90095555E /* Kitchen.h */ = {isa = PBXFileReference; lastKnownFileType = sourcecode.c.h; path = Kitchen.h; sourceTree = "<group>"; };
		43C9A48D234010F90095555E /* Kitchen.m */ = {isa = PBXFileReference; lastKnownFileType = sourcecode.c.objc; path = Kitchen.m; sourceTree = "<group>"; };
		43C9A48F234014520095555E /* WaiterProtocol.h */ = {isa = PBXFileReference; lastKnownFileType = sourcecode.c.h; path = WaiterProtocol.h; sourceTree = "<group>"; };
/* End PBXFileReference section */

/* Begin PBXFrameworksBuildPhase section */
		433ABD99233D2C7D006626C3 /* Frameworks */ = {
			isa = PBXFrameworksBuildPhase;
			buildActionMask = 2147483647;
			files = (
			);
			runOnlyForDeploymentPostprocessing = 0;
		};
/* End PBXFrameworksBuildPhase section */

/* Begin PBXGroup section */
		433ABD93233D2C7D006626C3 = {
			isa = PBXGroup;
			children = (
				433ABD9E233D2C7D006626C3 /* hw */,
				433ABD9D233D2C7D006626C3 /* Products */,
			);
			sourceTree = "<group>";
		};
		433ABD9D233D2C7D006626C3 /* Products */ = {
			isa = PBXGroup;
			children = (
				433ABD9C233D2C7D006626C3 /* hw.app */,
			);
			name = Products;
			sourceTree = "<group>";
		};
		433ABD9E233D2C7D006626C3 /* hw */ = {
			isa = PBXGroup;
			children = (
				433ABD9F233D2C7D006626C3 /* AppDelegate.h */,
				433ABDA0233D2C7D006626C3 /* AppDelegate.m */,
				433ABDA2233D2C7D006626C3 /* ViewController.h */,
				433ABDA3233D2C7D006626C3 /* ViewController.m */,
				433ABDA5233D2C7D006626C3 /* Main.storyboard */,
				433ABDA8233D2C7F006626C3 /* Assets.xcassets */,
				433ABDAA233D2C7F006626C3 /* LaunchScreen.storyboard */,
				433ABDAD233D2C7F006626C3 /* Info.plist */,
				433ABDAE233D2C7F006626C3 /* main.m */,
				433ABDB8233D2CF3006626C3 /* Homework1.h */,
				433ABDB9233D2CF3006626C3 /* Homework1.m */,
				43C9A485234010740095555E /* Homework2 */,
			);
			path = hw;
			sourceTree = "<group>";
		};
		43C9A485234010740095555E /* Homework2 */ = {
			isa = PBXGroup;
			children = (
				43C9A48F234014520095555E /* WaiterProtocol.h */,
				43C9A486234010B90095555E /* Guest.h */,
				43C9A487234010B90095555E /* Guest.m */,
				43C9A489234010E60095555E /* Waiter.h */,
				43C9A48A234010E60095555E /* Waiter.m */,
				43C9A48C234010F90095555E /* Kitchen.h */,
				43C9A48D234010F90095555E /* Kitchen.m */,
				43C9A48223400EEA0095555E /* Homework2.h */,
				43C9A48323400EEA0095555E /* Homework2.m */,
			);
			path = Homework2;
			sourceTree = "<group>";
		};
/* End PBXGroup section */

/* Begin PBXNativeTarget section */
		433ABD9B233D2C7D006626C3 /* hw */ = {
			isa = PBXNativeTarget;
			buildConfigurationList = 433ABDB2233D2C7F006626C3 /* Build configuration list for PBXNativeTarget "hw" */;
			buildPhases = (
				433ABD98233D2C7D006626C3 /* Sources */,
				433ABD99233D2C7D006626C3 /* Frameworks */,
				433ABD9A233D2C7D006626C3 /* Resources */,
			);
			buildRules = (
			);
			dependencies = (
			);
			name = hw;
			productName = hw;
			productReference = 433ABD9C233D2C7D006626C3 /* hw.app */;
			productType = "com.apple.product-type.application";
		};
/* End PBXNativeTarget section */

/* Begin PBXProject section */
		433ABD94233D2C7D006626C3 /* Project object */ = {
			isa = PBXProject;
			attributes = {
				LastUpgradeCheck = 1030;
				ORGANIZATIONNAME = natetaylor;
				TargetAttributes = {
					433ABD9B233D2C7D006626C3 = {
						CreatedOnToolsVersion = 10.3;
					};
				};
			};
			buildConfigurationList = 433ABD97233D2C7D006626C3 /* Build configuration list for PBXProject "hw" */;
			compatibilityVersion = "Xcode 9.3";
			developmentRegion = en;
			hasScannedForEncodings = 0;
			knownRegions = (
				en,
				Base,
			);
			mainGroup = 433ABD93233D2C7D006626C3;
			productRefGroup = 433ABD9D233D2C7D006626C3 /* Products */;
			projectDirPath = "";
			projectRoot = "";
			targets = (
				433ABD9B233D2C7D006626C3 /* hw */,
			);
		};
/* End PBXProject section */

/* Begin PBXResourcesBuildPhase section */
		433ABD9A233D2C7D006626C3 /* Resources */ = {
			isa = PBXResourcesBuildPhase;
			buildActionMask = 2147483647;
			files = (
				433ABDAC233D2C7F006626C3 /* LaunchScreen.storyboard in Resources */,
				433ABDA9233D2C7F006626C3 /* Assets.xcassets in Resources */,
				433ABDA7233D2C7D006626C3 /* Main.storyboard in Resources */,
			);
			runOnlyForDeploymentPostprocessing = 0;
		};
/* End PBXResourcesBuildPhase section */

/* Begin PBXSourcesBuildPhase section */
		433ABD98233D2C7D006626C3 /* Sources */ = {
			isa = PBXSourcesBuildPhase;
			buildActionMask = 2147483647;
			files = (
				43C9A488234010B90095555E /* Guest.m in Sources */,
				43C9A48423400EEA0095555E /* Homework2.m in Sources */,
				43C9A48E234010F90095555E /* Kitchen.m in Sources */,
				433ABDA4233D2C7D006626C3 /* ViewController.m in Sources */,
				433ABDAF233D2C7F006626C3 /* main.m in Sources */,
				43C9A48B234010E60095555E /* Waiter.m in Sources */,
				433ABDA1233D2C7D006626C3 /* AppDelegate.m in Sources */,
				433ABDBA233D2CF3006626C3 /* Homework1.m in Sources */,
			);
			runOnlyForDeploymentPostprocessing = 0;
		};
/* End PBXSourcesBuildPhase section */

/* Begin PBXVariantGroup section */
		433ABDA5233D2C7D006626C3 /* Main.storyboard */ = {
			isa = PBXVariantGroup;
			children = (
				433ABDA6233D2C7D006626C3 /* Base */,
			);
			name = Main.storyboard;
			sourceTree = "<group>";
		};
		433ABDAA233D2C7F006626C3 /* LaunchScreen.storyboard */ = {
			isa = PBXVariantGroup;
			children = (
				433ABDAB233D2C7F006626C3 /* Base */,
			);
			name = LaunchScreen.storyboard;
			sourceTree = "<group>";
		};
/* End PBXVariantGroup section */

/* Begin XCBuildConfiguration section */
		433ABDB0233D2C7F006626C3 /* Debug */ = {
			isa = XCBuildConfiguration;
			buildSettings = {
				ALWAYS_SEARCH_USER_PATHS = NO;
				CLANG_ANALYZER_NONNULL = YES;
				CLANG_ANALYZER_NUMBER_OBJECT_CONVERSION = YES_AGGRESSIVE;
				CLANG_CXX_LANGUAGE_STANDARD = "gnu++14";
				CLANG_CXX_LIBRARY = "libc++";
				CLANG_ENABLE_MODULES = YES;
				CLANG_ENABLE_OBJC_ARC = YES;
				CLANG_ENABLE_OBJC_WEAK = YES;
				CLANG_WARN_BLOCK_CAPTURE_AUTORELEASING = YES;
				CLANG_WARN_BOOL_CONVERSION = YES;
				CLANG_WARN_COMMA = YES;
				CLANG_WARN_CONSTANT_CONVERSION = YES;
				CLANG_WARN_DEPRECATED_OBJC_IMPLEMENTATIONS = YES;
				CLANG_WARN_DIRECT_OBJC_ISA_USAGE = YES_ERROR;
				CLANG_WARN_DOCUMENTATION_COMMENTS = YES;
				CLANG_WARN_EMPTY_BODY = YES;
				CLANG_WARN_ENUM_CONVERSION = YES;
				CLANG_WARN_INFINITE_RECURSION = YES;
				CLANG_WARN_INT_CONVERSION = YES;
				CLANG_WARN_NON_LITERAL_NULL_CONVERSION = YES;
				CLANG_WARN_OBJC_IMPLICIT_RETAIN_SELF = YES;
				CLANG_WARN_OBJC_LITERAL_CONVERSION = YES;
				CLANG_WARN_OBJC_ROOT_CLASS = YES_ERROR;
				CLANG_WARN_RANGE_LOOP_ANALYSIS = YES;
				CLANG_WARN_STRICT_PROTOTYPES = YES;
				CLANG_WARN_SUSPICIOUS_MOVE = YES;
				CLANG_WARN_UNGUARDED_AVAILABILITY = YES_AGGRESSIVE;
				CLANG_WARN_UNREACHABLE_CODE = YES;
				CLANG_WARN__DUPLICATE_METHOD_MATCH = YES;
				CODE_SIGN_IDENTITY = "iPhone Developer";
				COPY_PHASE_STRIP = NO;
				DEBUG_INFORMATION_FORMAT = dwarf;
				ENABLE_STRICT_OBJC_MSGSEND = YES;
				ENABLE_TESTABILITY = YES;
				GCC_C_LANGUAGE_STANDARD = gnu11;
				GCC_DYNAMIC_NO_PIC = NO;
				GCC_NO_COMMON_BLOCKS = YES;
				GCC_OPTIMIZATION_LEVEL = 0;
				GCC_PREPROCESSOR_DEFINITIONS = (
					"DEBUG=1",
					"$(inherited)",
				);
				GCC_WARN_64_TO_32_BIT_CONVERSION = YES;
				GCC_WARN_ABOUT_RETURN_TYPE = YES_ERROR;
				GCC_WARN_UNDECLARED_SELECTOR = YES;
				GCC_WARN_UNINITIALIZED_AUTOS = YES_AGGRESSIVE;
				GCC_WARN_UNUSED_FUNCTION = YES;
				GCC_WARN_UNUSED_VARIABLE = YES;
				IPHONEOS_DEPLOYMENT_TARGET = 12.4;
				MTL_ENABLE_DEBUG_INFO = INCLUDE_SOURCE;
				MTL_FAST_MATH = YES;
				ONLY_ACTIVE_ARCH = YES;
				SDKROOT = iphoneos;
			};
			name = Debug;
		};
		433ABDB1233D2C7F006626C3 /* Release */ = {
			isa = XCBuildConfiguration;
			buildSettings = {
				ALWAYS_SEARCH_USER_PATHS = NO;
				CLANG_ANALYZER_NONNULL = YES;
				CLANG_ANALYZER_NUMBER_OBJECT_CONVERSION = YES_AGGRESSIVE;
				CLANG_CXX_LANGUAGE_STANDARD = "gnu++14";
				CLANG_CXX_LIBRARY = "libc++";
				CLANG_ENABLE_MODULES = YES;
				CLANG_ENABLE_OBJC_ARC = YES;
				CLANG_ENABLE_OBJC_WEAK = YES;
				CLANG_WARN_BLOCK_CAPTURE_AUTORELEASING = YES;
				CLANG_WARN_BOOL_CONVERSION = YES;
				CLANG_WARN_COMMA = YES;
				CLANG_WARN_CONSTANT_CONVERSION = YES;
				CLANG_WARN_DEPRECATED_OBJC_IMPLEMENTATIONS = YES;
				CLANG_WARN_DIRECT_OBJC_ISA_USAGE = YES_ERROR;
				CLANG_WARN_DOCUMENTATION_COMMENTS = YES;
				CLANG_WARN_EMPTY_BODY = YES;
				CLANG_WARN_ENUM_CONVERSION = YES;
				CLANG_WARN_INFINITE_RECURSION = YES;
				CLANG_WARN_INT_CONVERSION = YES;
				CLANG_WARN_NON_LITERAL_NULL_CONVERSION = YES;
				CLANG_WARN_OBJC_IMPLICIT_RETAIN_SELF = YES;
				CLANG_WARN_OBJC_LITERAL_CONVERSION = YES;
				CLANG_WARN_OBJC_ROOT_CLASS = YES_ERROR;
				CLANG_WARN_RANGE_LOOP_ANALYSIS = YES;
				CLANG_WARN_STRICT_PROTOTYPES = YES;
				CLANG_WARN_SUSPICIOUS_MOVE = YES;
				CLANG_WARN_UNGUARDED_AVAILABILITY = YES_AGGRESSIVE;
				CLANG_WARN_UNREACHABLE_CODE = YES;
				CLANG_WARN__DUPLICATE_METHOD_MATCH = YES;
				CODE_SIGN_IDENTITY = "iPhone Developer";
				COPY_PHASE_STRIP = NO;
				DEBUG_INFORMATION_FORMAT = "dwarf-with-dsym";
				ENABLE_NS_ASSERTIONS = NO;
				ENABLE_STRICT_OBJC_MSGSEND = YES;
				GCC_C_LANGUAGE_STANDARD = gnu11;
				GCC_NO_COMMON_BLOCKS = YES;
				GCC_WARN_64_TO_32_BIT_CONVERSION = YES;
				GCC_WARN_ABOUT_RETURN_TYPE = YES_ERROR;
				GCC_WARN_UNDECLARED_SELECTOR = YES;
				GCC_WARN_UNINITIALIZED_AUTOS = YES_AGGRESSIVE;
				GCC_WARN_UNUSED_FUNCTION = YES;
				GCC_WARN_UNUSED_VARIABLE = YES;
				IPHONEOS_DEPLOYMENT_TARGET = 12.4;
				MTL_ENABLE_DEBUG_INFO = NO;
				MTL_FAST_MATH = YES;
				SDKROOT = iphoneos;
				VALIDATE_PRODUCT = YES;
			};
			name = Release;
		};
		433ABDB3233D2C7F006626C3 /* Debug */ = {
			isa = XCBuildConfiguration;
			buildSettings = {
				ASSETCATALOG_COMPILER_APPICON_NAME = AppIcon;
				CODE_SIGN_STYLE = Automatic;
				DEVELOPMENT_TEAM = 52L9N8HD54;
				INFOPLIST_FILE = hw/Info.plist;
				LD_RUNPATH_SEARCH_PATHS = (
					"$(inherited)",
					"@executable_path/Frameworks",
				);
				PRODUCT_BUNDLE_IDENTIFIER = natetaylor.hw;
				PRODUCT_NAME = "$(TARGET_NAME)";
				TARGETED_DEVICE_FAMILY = "1,2";
			};
			name = Debug;
		};
		433ABDB4233D2C7F006626C3 /* Release */ = {
			isa = XCBuildConfiguration;
			buildSettings = {
				ASSETCATALOG_COMPILER_APPICON_NAME = AppIcon;
				CODE_SIGN_STYLE = Automatic;
				DEVELOPMENT_TEAM = 52L9N8HD54;
				INFOPLIST_FILE = hw/Info.plist;
				LD_RUNPATH_SEARCH_PATHS = (
					"$(inherited)",
					"@executable_path/Frameworks",
				);
				PRODUCT_BUNDLE_IDENTIFIER = natetaylor.hw;
				PRODUCT_NAME = "$(TARGET_NAME)";
				TARGETED_DEVICE_FAMILY = "1,2";
			};
			name = Release;
		};
/* End XCBuildConfiguration section */

/* Begin XCConfigurationList section */
		433ABD97233D2C7D006626C3 /* Build configuration list for PBXProject "hw" */ = {
			isa = XCConfigurationList;
			buildConfigurations = (
				433ABDB0233D2C7F006626C3 /* Debug */,
				433ABDB1233D2C7F006626C3 /* Release */,
			);
			defaultConfigurationIsVisible = 0;
			defaultConfigurationName = Release;
		};
		433ABDB2233D2C7F006626C3 /* Build configuration list for PBXNativeTarget "hw" */ = {
			isa = XCConfigurationList;
			buildConfigurations = (
				433ABDB3233D2C7F006626C3 /* Debug */,
				433ABDB4233D2C7F006626C3 /* Release */,
			);
			defaultConfigurationIsVisible = 0;
			defaultConfigurationName = Release;
		};
/* End XCConfigurationList section */
	};
	rootObject = 433ABD94233D2C7D006626C3 /* Project object */;
}
